version: 7
platforms:
- name: linux-64
environments:
  default:
    channels:
    - url: https://conda.anaconda.org/conda-forge/
    - url: https://prefix.dev/github-releases/
    indexes:
    - https://pypi.org/simple
    packages:
      linux-64:
      - conda: https://conda.anaconda.org/conda-forge/linux-64/_openmp_mutex-4.5-20_gnu.conda
      - conda: https://conda.anaconda.org/conda-forge/linux-64/bzip2-1.0.8-hda65f42_9.conda
      - conda: https://conda.anaconda.org/conda-forge/linux-64/ld_impl_linux-64-2.45.1-default_hbd61a6d_102.conda
      - conda: https://conda.anaconda.org/conda-forge/linux-64/libexpat-2.8.0-hecca717_0.conda
      - conda: https://conda.anaconda.org/conda-forge/linux-64/libffi-3.5.2-h3435931_0.conda
      - conda: https://conda.anaconda.org/conda-forge/linux-64/libgcc-15.2.0-he0feb66_19.conda
      - conda: https://conda.anaconda.org/conda-forge/linux-64/libgomp-15.2.0-he0feb66_19.conda
      - conda: https://conda.anaconda.org/conda-forge/linux-64/liblzma-5.8.3-hb03c661_0.conda
      - conda: https://conda.anaconda.org/conda-forge/linux-64/libmpdec-4.0.0-hb03c661_1.conda
      - conda: https://conda.anaconda.org/conda-forge/linux-64/libsqlite-3.53.1-h0c1763c_0.conda
      - conda: https://conda.anaconda.org/conda-forge/linux-64/libuuid-2.42-h5347b49_0.conda
      - conda: https://conda.anaconda.org/conda-forge/linux-64/libzlib-1.3.2-h25fd6f3_2.conda
      - conda: https://conda.anaconda.org/conda-forge/linux-64/ncurses-6.6-hdb14827_0.conda
      - conda: https://conda.anaconda.org/conda-forge/linux-64/openssl-3.6.2-h35e630c_0.conda
      - conda: https://conda.anaconda.org/conda-forge/linux-64/python-3.14.4-habeac84_100_cp314.conda
      - conda: https://conda.anaconda.org/conda-forge/linux-64/pyyaml-6.0.3-py314h67df5f8_1.conda
      - conda: https://conda.anaconda.org/conda-forge/linux-64/readline-8.3-h853b02a_0.conda
      - conda: https://conda.anaconda.org/conda-forge/linux-64/ruamel.yaml.clib-0.2.15-py314h0f05182_1.conda
      - conda: https://conda.anaconda.org/conda-forge/linux-64/ruff-0.15.13-h994f30f_0.conda
      - conda: https://conda.anaconda.org/conda-forge/linux-64/tk-8.6.13-noxft_h366c992_103.conda
      - conda: https://conda.anaconda.org/conda-forge/linux-64/yaml-0.2.5-h280c20c_3.conda
      - conda: https://conda.anaconda.org/conda-forge/linux-64/zstd-1.5.7-hb78ec9c_6.conda
      - conda: https://conda.anaconda.org/conda-forge/noarch/ca-certificates-2026.4.22-hbd8a1cb_0.conda
      - conda: https://conda.anaconda.org/conda-forge/noarch/gitdb-4.0.12-pyhd8ed1ab_0.conda
      - conda: https://conda.anaconda.org/conda-forge/noarch/gitpython-3.1.50-pyhd8ed1ab_0.conda
      - conda: https://conda.anaconda.org/conda-forge/noarch/pixi-pycharm-0.0.11-unix_hf108a03_0.conda
      - conda: https://conda.anaconda.org/conda-forge/noarch/python_abi-3.14-8_cp314.conda
      - conda: https://conda.anaconda.org/conda-forge/noarch/ruamel.yaml-0.19.1-pyhcf101f3_0.conda
      - conda: https://conda.anaconda.org/conda-forge/noarch/smmap-5.0.3-pyhd8ed1ab_0.conda
      - conda: https://conda.anaconda.org/conda-forge/noarch/typing_extensions-4.15.0-pyhcf101f3_0.conda
      - conda: https://conda.anaconda.org/conda-forge/noarch/tzdata-2025c-hc9c84f9_1.conda
      - pypi: ./flatpak-builder-tools/cargo
      - pypi: https://files.pythonhosted.org/packages/0f/15/5bf3b99495fb160b63f95972b81750f18f7f4e02ad051373b669d17d44f2/aiohappyeyeballs-2.6.1-py3-none-any.whl
      - pypi: https://files.pythonhosted.org/packages/2b/76/7f1bfd6afff4c5e38e36a3c6d68eb5f4b7311ea80baf693db78d95b603c4/propcache-0.5.2-cp314-cp314-manylinux2014_x86_64.manylinux_2_17_x86_64.manylinux_2_28_x86_64.whl
      - pypi: https://files.pythonhosted.org/packages/42/2b/fef67d616931055bf3d6764885990a3ac647d68734a2d6a9e1d13de437a2/yarl-1.23.0-cp314-cp314-manylinux2014_x86_64.manylinux_2_17_x86_64.manylinux_2_28_x86_64.whl
      - pypi: https://files.pythonhosted.org/packages/64/b4/17d4b0b2a2dc85a6df63d1157e028ed19f90d4cd97c36717afef2bc2f395/attrs-26.1.0-py3-none-any.whl
      - pypi: https://files.pythonhosted.org/packages/6a/43/8bd850ee71a191bf072e31302c73a66be413fecdd98fdcd111ecbcce13ca/tomlkit-0.15.0-py3-none-any.whl
      - pypi: https://files.pythonhosted.org/packages/a7/b2/fabede9fafd976b991e9f1b9c8c873ed86f202889b864756f240ce6dd855/frozenlist-1.8.0-cp314-cp314-manylinux1_x86_64.manylinux_2_28_x86_64.manylinux_2_5_x86_64.whl
      - pypi: https://files.pythonhosted.org/packages/bd/c9/989f4034fb46841208de7aeeac2c6d8300745ab4f28c42f629ba77c2d916/aiohttp-3.13.5-cp314-cp314-manylinux2014_x86_64.manylinux_2_17_x86_64.manylinux_2_28_x86_64.whl
      - pypi: https://files.pythonhosted.org/packages/d2/23/408243171aa9aaba178d3e2559159c24c1171a641aa83b67bdd3394ead8e/idna-3.15-py3-none-any.whl
      - pypi: https://files.pythonhosted.org/packages/fb/76/641ae371508676492379f16e2fa48f4e2c11741bd63c48be4b12a6b09cba/aiosignal-1.4.0-py3-none-any.whl
      - pypi: https://files.pythonhosted.org/packages/fe/3b/8ec5074bcfc450fe84273713b4b0a0dd47c0249358f5d82eb8104ffe2520/multidict-6.7.1-cp314-cp314-manylinux2014_x86_64.manylinux_2_17_x86_64.manylinux_2_28_x86_64.whl
packages:
- conda: https://conda.anaconda.org/conda-forge/linux-64/_openmp_mutex-4.5-20_gnu.conda
  build_number: 20
  sha256: 1dd3fffd892081df9726d7eb7e0dea6198962ba775bd88842135a4ddb4deb3c9
  md5: a9f577daf3de00bca7c3c76c0ecbd1de
  depends:
  - __glibc >=2.17,<3.0.a0
  - libgomp >=7.5.0
  constrains:
  - openmp_impl <0.0a0
  license: BSD-3-Clause
  license_family: BSD
  purls: []
  size: 28948
  timestamp: 1770939786096
- conda: https://conda.anaconda.org/conda-forge/linux-64/bzip2-1.0.8-hda65f42_9.conda
  sha256: 0b75d45f0bba3e95dc693336fa51f40ea28c980131fec438afb7ce6118ed05f6
  md5: d2ffd7602c02f2b316fd921d39876885
  depends:
  - __glibc >=2.17,<3.0.a0
  - libgcc >=14
  license: bzip2-1.0.6
  license_family: BSD
  purls: []
  size: 260182
  timestamp: 1771350215188
- conda: https://conda.anaconda.org/conda-forge/linux-64/ld_impl_linux-64-2.45.1-default_hbd61a6d_102.conda
  sha256: 3d584956604909ff5df353767f3a2a2f60e07d070b328d109f30ac40cd62df6c
  md5: 18335a698559cdbcd86150a48bf54ba6
  depends:
  - __glibc >=2.17,<3.0.a0
  - zstd >=1.5.7,<1.6.0a0
  constrains:
  - binutils_impl_linux-64 2.45.1
  license: GPL-3.0-only
  license_family: GPL
  purls: []
  size: 728002
  timestamp: 1774197446916
- conda: https://conda.anaconda.org/conda-forge/linux-64/libexpat-2.8.0-hecca717_0.conda
  sha256: ea33c40977ea7a2c3658c522230058395bc2ee0d89d99f0711390b6a1ee80d12
  md5: a3b390520c563d78cc58974de95a03e5
  depends:
  - __glibc >=2.17,<3.0.a0
  - libgcc >=14
  constrains:
  - expat 2.8.0.*
  license: MIT
  license_family: MIT
  purls: []
  size: 77241
  timestamp: 1777846112704
- conda: https://conda.anaconda.org/conda-forge/linux-64/libffi-3.5.2-h3435931_0.conda
  sha256: 31f19b6a88ce40ebc0d5a992c131f57d919f73c0b92cd1617a5bec83f6e961e6
  md5: a360c33a5abe61c07959e449fa1453eb
  depends:
  - __glibc >=2.17,<3.0.a0
  - libgcc >=14
  license: MIT
  license_family: MIT
  purls: []
  size: 58592
  timestamp: 1769456073053
- conda: https://conda.anaconda.org/conda-forge/linux-64/libgcc-15.2.0-he0feb66_19.conda
  sha256: 8e0a3b5e41272e5678499b5dfc4cddb673f9e935de01eb0767ce857001229f46
  md5: 57736f29cc2b0ec0b6c2952d3f101b6a
  depends:
  - __glibc >=2.17,<3.0.a0
  - _openmp_mutex >=4.5
  constrains:
  - libgcc-ng ==15.2.0=*_19
  - libgomp 15.2.0 he0feb66_19
  license: GPL-3.0-only WITH GCC-exception-3.1
  license_family: GPL
  purls: []
  size: 1041084
  timestamp: 1778269013026
- conda: https://conda.anaconda.org/conda-forge/linux-64/libgomp-15.2.0-he0feb66_19.conda
  sha256: 5abe4ab9d93f6c9757d654f1969ae2267d4505315c1f2f8fe705fd60af084f1b
  md5: faac990cb7aedc7f3a2224f2c9b0c26c
  depends:
  - __glibc >=2.17,<3.0.a0
  license: GPL-3.0-only WITH GCC-exception-3.1
  license_family: GPL
  purls: []
  size: 603817
  timestamp: 1778268942614
- conda: https://conda.anaconda.org/conda-forge/linux-64/liblzma-5.8.3-hb03c661_0.conda
  sha256: ec30e52a3c1bf7d0425380a189d209a52baa03f22fb66dd3eb587acaa765bd6d
  md5: b88d90cad08e6bc8ad540cb310a761fb
  depends:
  - __glibc >=2.17,<3.0.a0
  - libgcc >=14
  constrains:
  - xz 5.8.3.*
  license: 0BSD
  purls: []
  size: 113478
  timestamp: 1775825492909
- conda: https://conda.anaconda.org/conda-forge/linux-64/libmpdec-4.0.0-hb03c661_1.conda
  sha256: fe171ed5cf5959993d43ff72de7596e8ac2853e9021dec0344e583734f1e0843
  md5: 2c21e66f50753a083cbe6b80f38268fa
  depends:
  - __glibc >=2.17,<3.0.a0
  - libgcc >=14
  license: BSD-2-Clause
  license_family: BSD
  purls: []
  size: 92400
  timestamp: 1769482286018
- conda: https://conda.anaconda.org/conda-forge/linux-64/libsqlite-3.53.1-h0c1763c_0.conda
  sha256: 54cdcd3214313b62c2a8ee277e6f42150d9b748264c1b70d958bf735e420ef8d
  md5: 7dc38adcbf71e6b38748e919e16e0dce
  depends:
  - __glibc >=2.17,<3.0.a0
  - libgcc >=14
  - libzlib >=1.3.2,<2.0a0
  license: blessing
  purls: []
  size: 954962
  timestamp: 1777986471789
- conda: https://conda.anaconda.org/conda-forge/linux-64/libuuid-2.42-h5347b49_0.conda
  sha256: bc1b08c92626c91500fd9f26f2c797f3eb153b627d53e9c13cd167f1e12b2829
  md5: 38ffe67b78c9d4de527be8315e5ada2c
  depends:
  - __glibc >=2.17,<3.0.a0
  - libgcc >=14
  license: BSD-3-Clause
  license_family: BSD
  purls: []
  size: 40297
  timestamp: 1775052476770
- conda: https://conda.anaconda.org/conda-forge/linux-64/libzlib-1.3.2-h25fd6f3_2.conda
  sha256: 55044c403570f0dc26e6364de4dc5368e5f3fc7ff103e867c487e2b5ab2bcda9
  md5: d87ff7921124eccd67248aa483c23fec
  depends:
  - __glibc >=2.17,<3.0.a0
  constrains:
  - zlib 1.3.2 *_2
  license: Zlib
  license_family: Other
  purls: []
  size: 63629
  timestamp: 1774072609062
- conda: https://conda.anaconda.org/conda-forge/linux-64/ncurses-6.6-hdb14827_0.conda
  sha256: fc89f74bbe362fb29fa3c037697a89bec140b346a2469a90f7936d1d7ea4d8a3
  md5: fc21868a1a5aacc937e7a18747acb8a5
  depends:
  - __glibc >=2.17,<3.0.a0
  - libgcc >=14
  license: X11 AND BSD-3-Clause
  purls: []
  size: 918956
  timestamp: 1777422145199
- conda: https://conda.anaconda.org/conda-forge/linux-64/openssl-3.6.2-h35e630c_0.conda
  sha256: c0ef482280e38c71a08ad6d71448194b719630345b0c9c60744a2010e8a8e0cb
  md5: da1b85b6a87e141f5140bb9924cecab0
  depends:
  - __glibc >=2.17,<3.0.a0
  - ca-certificates
  - libgcc >=14
  license: Apache-2.0
  license_family: Apache
  purls: []
  size: 3167099
  timestamp: 1775587756857
- conda: https://conda.anaconda.org/conda-forge/linux-64/python-3.14.4-habeac84_100_cp314.conda
  build_number: 100
  sha256: dec247c5badc811baa34d6085df9d0465535883cf745e22e8d79092ad54a3a7b
  md5: a443f87920815d41bfe611296e507995
  depends:
  - __glibc >=2.17,<3.0.a0
  - bzip2 >=1.0.8,<2.0a0
  - ld_impl_linux-64 >=2.36.1
  - libexpat >=2.7.5,<3.0a0
  - libffi >=3.5.2,<3.6.0a0
  - libgcc >=14
  - liblzma >=5.8.2,<6.0a0
  - libmpdec >=4.0.0,<5.0a0
  - libsqlite >=3.52.0,<4.0a0
  - libuuid >=2.42,<3.0a0
  - libzlib >=1.3.2,<2.0a0
  - ncurses >=6.5,<7.0a0
  - openssl >=3.5.6,<4.0a0
  - python_abi 3.14.* *_cp314
  - readline >=8.3,<9.0a0
  - tk >=8.6.13,<8.7.0a0
  - tzdata
  - zstd >=1.5.7,<1.6.0a0
  license: Python-2.0
  purls: []
  size: 36705460
  timestamp: 1775614357822
  python_site_packages_path: lib/python3.14/site-packages
- conda: https://conda.anaconda.org/conda-forge/linux-64/pyyaml-6.0.3-py314h67df5f8_1.conda
  sha256: b318fb070c7a1f89980ef124b80a0b5ccf3928143708a85e0053cde0169c699d
  md5: 2035f68f96be30dc60a5dfd7452c7941
  depends:
  - __glibc >=2.17,<3.0.a0
  - libgcc >=14
  - python >=3.14,<3.15.0a0
  - python_abi 3.14.* *_cp314
  - yaml >=0.2.5,<0.3.0a0
  license: MIT
  license_family: MIT
  purls:
  - pkg:pypi/pyyaml?source=hash-mapping
  size: 202391
  timestamp: 1770223462836
- conda: https://conda.anaconda.org/conda-forge/linux-64/readline-8.3-h853b02a_0.conda
  sha256: 12ffde5a6f958e285aa22c191ca01bbd3d6e710aa852e00618fa6ddc59149002
  md5: d7d95fc8287ea7bf33e0e7116d2b95ec
  depends:
  - __glibc >=2.17,<3.0.a0
  - libgcc >=14
  - ncurses >=6.5,<7.0a0
  license: GPL-3.0-only
  license_family: GPL
  purls: []
  size: 345073
  timestamp: 1765813471974
- conda: https://conda.anaconda.org/conda-forge/linux-64/ruamel.yaml.clib-0.2.15-py314h0f05182_1.conda
  sha256: 3bd8db7556e87c98933a47ff9f962af7b8e0dc3757a72180b27cbfcb1f98d2d9
  md5: 4f35ae1228a6c5d9df593367ffe8dda1
  depends:
  - python
  - libgcc >=14
  - __glibc >=2.17,<3.0.a0
  - python_abi 3.14.* *_cp314
  license: MIT
  license_family: MIT
  purls:
  - pkg:pypi/ruamel-yaml-clib?source=hash-mapping
  run_exports: {}
  size: 150041
  timestamp: 1766159514023
- conda: https://conda.anaconda.org/conda-forge/linux-64/ruff-0.15.13-h994f30f_0.conda
  noarch: python
  sha256: e3549abf97c45917e0425c0ed79e17fbc2b5a0cc19ec3a690ab3edfe4c1909e3
  md5: b26062a66f4c473ae164233add765764
  depends:
  - python
  - libgcc >=14
  - __glibc >=2.17,<3.0.a0
  constrains:
  - __glibc >=2.17
  license: MIT
  license_family: MIT
  purls:
  - pkg:pypi/ruff?source=compressed-mapping
  size: 9317508
  timestamp: 1778780215313
- conda: https://conda.anaconda.org/conda-forge/linux-64/tk-8.6.13-noxft_h366c992_103.conda
  sha256: cafeec44494f842ffeca27e9c8b0c27ed714f93ac77ddadc6aaf726b5554ebac
  md5: cffd3bdd58090148f4cfcd831f4b26ab
  depends:
  - __glibc >=2.17,<3.0.a0
  - libgcc >=14
  - libzlib >=1.3.1,<2.0a0
  constrains:
  - xorg-libx11 >=1.8.12,<2.0a0
  license: TCL
  license_family: BSD
  purls: []
  size: 3301196
  timestamp: 1769460227866
- conda: https://conda.anaconda.org/conda-forge/linux-64/yaml-0.2.5-h280c20c_3.conda
  sha256: 6d9ea2f731e284e9316d95fa61869fe7bbba33df7929f82693c121022810f4ad
  md5: a77f85f77be52ff59391544bfe73390a
  depends:
  - libgcc >=14
  - __glibc >=2.17,<3.0.a0
  license: MIT
  license_family: MIT
  purls: []
  size: 85189
  timestamp: 1753484064210
- conda: https://conda.anaconda.org/conda-forge/linux-64/zstd-1.5.7-hb78ec9c_6.conda
  sha256: 68f0206ca6e98fea941e5717cec780ed2873ffabc0e1ed34428c061e2c6268c7
  md5: 4a13eeac0b5c8e5b8ab496e6c4ddd829
  depends:
  - __glibc >=2.17,<3.0.a0
  - libzlib >=1.3.1,<2.0a0
  license: BSD-3-Clause
  license_family: BSD
  purls: []
  size: 601375
  timestamp: 1764777111296
- conda: https://conda.anaconda.org/conda-forge/noarch/ca-certificates-2026.4.22-hbd8a1cb_0.conda
  sha256: c9dbcc8039a52023660d6d1bbf87594a93dd69c6ac5a2a44323af2c92976728d
  md5: e18ad67cf881dcadee8b8d9e2f8e5f73
  depends:
  - __unix
  license: ISC
  purls: []
  size: 131039
  timestamp: 1776865545798
- conda: https://conda.anaconda.org/conda-forge/noarch/gitdb-4.0.12-pyhd8ed1ab_0.conda
  sha256: dbbec21a369872c8ebe23cb9a3b9d63638479ee30face165aa0fccc96e93eec3
  md5: 7c14f3706e099f8fcd47af2d494616cc
  depends:
  - python >=3.9
  - smmap >=3.0.1,<6
  license: BSD-3-Clause
  license_family: BSD
  purls:
  - pkg:pypi/gitdb?source=hash-mapping
  size: 53136
  timestamp: 1735887290843
- conda: https://conda.anaconda.org/conda-forge/noarch/gitpython-3.1.50-pyhd8ed1ab_0.conda
  sha256: 718c9d0cc287ffda978996c4105ddd2863dd7bad7fb5794cdd365bd809ef2fa5
  md5: 98958318a01373a615f119b1040b3027
  depends:
  - gitdb >=4.0.1,<5
  - python >=3.10
  - typing_extensions >=3.10.0.2
  license: BSD-3-Clause
  license_family: BSD
  purls:
  - pkg:pypi/gitpython?source=hash-mapping
  size: 162193
  timestamp: 1778065820061
- conda: https://conda.anaconda.org/conda-forge/noarch/pixi-pycharm-0.0.11-unix_hf108a03_0.conda
  sha256: 6e4480fa4126cac047b21b079c843264b14ceb3724acf7d3a5a7bcceff7ea5d2
  md5: 6d02081f2ea16d3c4e0dc0d578508c1e
  depends:
  - __unix
  - python >=3.8
  license: BSD-3-Clause
  license_family: BSD
  purls: []
  size: 6986
  timestamp: 1774948616259
- conda: https://conda.anaconda.org/conda-forge/noarch/python_abi-3.14-8_cp314.conda
  build_number: 8
  sha256: ad6d2e9ac39751cc0529dd1566a26751a0bf2542adb0c232533d32e176e21db5
  md5: 0539938c55b6b1a59b560e843ad864a4
  constrains:
  - python 3.14.* *_cp314
  license: BSD-3-Clause
  license_family: BSD
  purls: []
  size: 6989
  timestamp: 1752805904792
- conda: https://conda.anaconda.org/conda-forge/noarch/ruamel.yaml-0.19.1-pyhcf101f3_0.conda
  sha256: b48bebe297a63ae60f52e50be328262e880702db4d9b4e86731473ada459c2a1
  md5: 06ad944772941d5dae1e0d09848d8e49
  depends:
  - python >=3.10
  - ruamel.yaml.clib >=0.2.15
  - python
  license: MIT
  license_family: MIT
  purls:
  - pkg:pypi/ruamel-yaml?source=hash-mapping
  run_exports: {}
  size: 98448
  timestamp: 1767538149184
- conda: https://conda.anaconda.org/conda-forge/noarch/smmap-5.0.3-pyhd8ed1ab_0.conda
  sha256: ae723ba6ab7b1998a04ef16b357c1e0043ffd4f4ac9b0da71e393680343a3c86
  md5: 69db183edbe5b7c3e6c157980057a9d0
  depends:
  - python >=3.9
  license: BSD-3-Clause
  license_family: BSD
  purls:
  - pkg:pypi/smmap?source=hash-mapping
  size: 27064
  timestamp: 1775587040128
- conda: https://conda.anaconda.org/conda-forge/noarch/typing_extensions-4.15.0-pyhcf101f3_0.conda
  sha256: 032271135bca55aeb156cee361c81350c6f3fb203f57d024d7e5a1fc9ef18731
  md5: 0caa1af407ecff61170c9437a808404d
  depends:
  - python >=3.10
  - python
  license: PSF-2.0
  license_family: PSF
  purls:
  - pkg:pypi/typing-extensions?source=hash-mapping
  size: 51692
  timestamp: 1756220668932
- conda: https://conda.anaconda.org/conda-forge/noarch/tzdata-2025c-hc9c84f9_1.conda
  sha256: 1d30098909076af33a35017eed6f2953af1c769e273a0626a04722ac4acaba3c
  md5: ad659d0a2b3e47e38d829aa8cad2d610
  license: LicenseRef-Public-Domain
  purls: []
  size: 119135
  timestamp: 1767016325805
- pypi: ./flatpak-builder-tools/cargo
  name: flatpak-cargo-generator
  requires_dist:
  - aiohttp>=3.9.5,<4.0.0
  - pyyaml>=6.0.2,<7.0.0
  - tomlkit>=0.13.3,<1.0
  requires_python: '>=3.9,<4.0'
- pypi: https://files.pythonhosted.org/packages/0f/15/5bf3b99495fb160b63f95972b81750f18f7f4e02ad051373b669d17d44f2/aiohappyeyeballs-2.6.1-py3-none-any.whl
  name: aiohappyeyeballs
  version: 2.6.1
  sha256: f349ba8f4b75cb25c99c5c2d84e997e485204d2902a9597802b0371f09331fb8
  requires_python: '>=3.9'
- pypi: https://files.pythonhosted.org/packages/2b/76/7f1bfd6afff4c5e38e36a3c6d68eb5f4b7311ea80baf693db78d95b603c4/propcache-0.5.2-cp314-cp314-manylinux2014_x86_64.manylinux_2_17_x86_64.manylinux_2_28_x86_64.whl
  name: propcache
  version: 0.5.2
  sha256: e00820e192c8dbebcafb383ebbf99030895f09905e7a0eb2e0340a0bcc2bc825
  requires_python: '>=3.10'
- pypi: https://files.pythonhosted.org/packages/42/2b/fef67d616931055bf3d6764885990a3ac647d68734a2d6a9e1d13de437a2/yarl-1.23.0-cp314-cp314-manylinux2014_x86_64.manylinux_2_17_x86_64.manylinux_2_28_x86_64.whl
  name: yarl
  version: 1.23.0
  sha256: 1c57676bdedc94cd3bc37724cf6f8cd2779f02f6aba48de45feca073e714fe52
  requires_dist:
  - idna>=2.0
  - multidict>=4.0
  - propcache>=0.2.1
  requires_python: '>=3.10'
- pypi: https://files.pythonhosted.org/packages/64/b4/17d4b0b2a2dc85a6df63d1157e028ed19f90d4cd97c36717afef2bc2f395/attrs-26.1.0-py3-none-any.whl
  name: attrs
  version: 26.1.0
  sha256: c647aa4a12dfbad9333ca4e71fe62ddc36f4e63b2d260a37a8b83d2f043ac309
  requires_python: '>=3.9'
- pypi: https://files.pythonhosted.org/packages/6a/43/8bd850ee71a191bf072e31302c73a66be413fecdd98fdcd111ecbcce13ca/tomlkit-0.15.0-py3-none-any.whl
  name: tomlkit
  version: 0.15.0
  sha256: 4dbc8f0fc024412b57ced8757ac7461305126a648ff8c2c807fcb8e133a78738
  requires_python: '>=3.9'
- pypi: https://files.pythonhosted.org/packages/a7/b2/fabede9fafd976b991e9f1b9c8c873ed86f202889b864756f240ce6dd855/frozenlist-1.8.0-cp314-cp314-manylinux1_x86_64.manylinux_2_28_x86_64.manylinux_2_5_x86_64.whl
  name: frozenlist
  version: 1.8.0
  sha256: cba69cb73723c3f329622e34bdbf5ce1f80c21c290ff04256cff1cd3c2036ed2
  requires_python: '>=3.9'
- pypi: https://files.pythonhosted.org/packages/bd/c9/989f4034fb46841208de7aeeac2c6d8300745ab4f28c42f629ba77c2d916/aiohttp-3.13.5-cp314-cp314-manylinux2014_x86_64.manylinux_2_17_x86_64.manylinux_2_28_x86_64.whl
  name: aiohttp
  version: 3.13.5
  sha256: 241a94f7de7c0c3b616627aaad530fe2cb620084a8b144d3be7b6ecfe95bae3b
  requires_dist:
  - aiohappyeyeballs>=2.5.0
  - aiosignal>=1.4.0
  - async-timeout>=4.0,<6.0 ; python_full_version < '3.11'
  - attrs>=17.3.0
  - frozenlist>=1.1.1
  - multidict>=4.5,<7.0
  - propcache>=0.2.0
  - yarl>=1.17.0,<2.0
  - aiodns>=3.3.0 ; extra == 'speedups'
  - brotli>=1.2 ; platform_python_implementation == 'CPython' and extra == 'speedups'
  - brotlicffi>=1.2 ; platform_python_implementation != 'CPython' and extra == 'speedups'
  - backports-zstd ; python_full_version < '3.14' and platform_python_implementation == 'CPython' and extra == 'speedups'
  requires_python: '>=3.9'
- pypi: https://files.pythonhosted.org/packages/d2/23/408243171aa9aaba178d3e2559159c24c1171a641aa83b67bdd3394ead8e/idna-3.15-py3-none-any.whl
  name: idna
  version: '3.15'
  sha256: 048adeaf8c2d788c40fee287673ccaa74c24ffd8dcf09ffa555a2fbb59f10ac8
  requires_dist:
  - ruff>=0.6.2 ; extra == 'all'
  - mypy>=1.11.2 ; extra == 'all'
  - pytest>=8.3.2 ; extra == 'all'
  requires_python: '>=3.8'
- pypi: https://files.pythonhosted.org/packages/fb/76/641ae371508676492379f16e2fa48f4e2c11741bd63c48be4b12a6b09cba/aiosignal-1.4.0-py3-none-any.whl
  name: aiosignal
  version: 1.4.0
  sha256: 053243f8b92b990551949e63930a839ff0cf0b0ebbe0597b0f3fb19e1a0fe82e
  requires_dist:
  - frozenlist>=1.1.0
  - typing-extensions>=4.2 ; python_full_version < '3.13'
  requires_python: '>=3.9'
- pypi: https://files.pythonhosted.org/packages/fe/3b/8ec5074bcfc450fe84273713b4b0a0dd47c0249358f5d82eb8104ffe2520/multidict-6.7.1-cp314-cp314-manylinux2014_x86_64.manylinux_2_17_x86_64.manylinux_2_28_x86_64.whl
  name: multidict
  version: 6.7.1
  sha256: 7eee46ccb30ff48a1e35bb818cc90846c6be2b68240e42a78599166722cea709
  requires_dist:
  - typing-extensions>=4.1.0 ; python_full_version < '3.11'
  requires_python: '>=3.9'
